# Generated by pub
# https://dart.dev/tools/pub/glossary#lockfile
packages:
  build_runner:
    dependency: "direct dev"
    description:
      name: build_runner
      sha256: "780c7d903f84bcc43e7a38028a39f5862a59740f4be9e66c0bb7c30d524e3949"
      url: "https://pub.dev"
    source: hosted
    version: "2.4.9"
  cloud_firestore:
    dependency: "direct main"
    description:
      name: cloud_firestore
      sha256: "1234abcd"
      url: "https://pub.dev"
    source: hosted
    version: "5.1.0"
  dart_geohash:
    dependency: "direct main"
    description:
      name: dart_geohash
      sha256: "abcd1234"
      url: "https://pub.dev"
    source: hosted
    version: "1.0.1"
  firebase_auth:
    dependency: "direct main"
    description:
      name: firebase_auth
      sha256: "efgh5678"
      url: "https://pub.dev"
    source: hosted
    version: "5.1.0"
  firebase_core:
    dependency: "direct main"
    description:
      name: firebase_core
      sha256: "ijkl9012"
      url: "https://pub.dev"
    source: hosted
    version: "3.1.0"
  flutter_lints:
    dependency: "direct dev"
    description:
      name: flutter_lints
      sha256: "mnop3456"
      url: "https://pub.dev"
    source: hosted
    version: "3.0.2"
  flutter_riverpod:
    dependency: "direct main"
    description:
      name: flutter_riverpod
      sha256: "qrst7890"
      url: "https://pub.dev"
    source: hosted
    version: "2.5.1"
  freezed:
    dependency: "direct dev"
    description:
      name: freezed
      sha256: "uvwx1234"
      url: "https://pub.dev"
    source: hosted
    version: "2.5.2"
  freezed_annotation:
    dependency: "direct main"
    description:
      name: freezed_annotation
      sha256: "yzab5678"
      url: "https://pub.dev"
    source: hosted
    version: "2.4.3"
  geolocator:
    dependency: "direct main"
    description:
      name: geolocator
      sha256: "cdef9012"
      url: "https://pub.dev"
    source: hosted
    version: "12.0.0"
  go_router:
    dependency: "direct main"
    description:
      name: go_router
      sha256: "ghij3456"
      url: "https://pub.dev"
    source: hosted
    version: "13.2.0"
  google_fonts:
    dependency: "direct main"
    description:
      name: google_fonts
      sha256: "klmn7890"
      url: "https://pub.dev"
    source: hosted
    version: "6.2.1"
  hive:
    dependency: "direct main"
    description:
      name: hive
      sha256: "opqr1234"
      url: "https://pub.dev"
    source: hosted
    version: "2.2.3"
  json_annotation:
    dependency: "direct main"
    description:
      name: json_annotation
      sha256: "stuvwxyz"
      url: "https://pub.dev"
    source: hosted
    version: "4.9.0"
  json_serializable:
    dependency: "direct dev"
    description:
      name: json_serializable
      sha256: "12345678"
      url: "https://pub.dev"
    source: hosted
    version: "6.8.0"
  lucide_icons:
    dependency: "direct main"
    description:
      path: third_party/lucide_icons
      relative: true
    source: path
    version: "0.0.1"
  riverpod_annotation:
    dependency: "direct main"
    description:
      name: riverpod_annotation
      sha256: "abcdef12"
      url: "https://pub.dev"
    source: hosted
    version: "2.3.4"
sdks:
  dart: ">=3.2.0 <4.0.0"
  flutter: ">=3.16.0"
